// !$*UTF8*$!
{
	archiveVersion = 1;
	classes = {
	};
	objectVersion = 48;
	objects = {

/* Begin PBXBuildFile section */
		633833EE206B511900EF7669 /* AppDelegate.swift in Sources */ = {isa = PBXBuildFile; fileRef = 633833ED206B511900EF7669 /* AppDelegate.swift */; };
		633833F5206B511900EF7669 /* Assets.xcassets in Resources */ = {isa = PBXBuildFile; fileRef = 633833F4206B511900EF7669 /* Assets.xcassets */; };
		633833F8206B511900EF7669 /* LaunchScreen.storyboard in Resources */ = {isa = PBXBuildFile; fileRef = 633833F6206B511900EF7669 /* LaunchScreen.storyboard */; };
		63383405206B536200EF7669 /* Extensions.swift in Sources */ = {isa = PBXBuildFile; fileRef = 63383404206B536200EF7669 /* Extensions.swift */; };
		6338340B206B578700EF7669 /* LoginViewController.swift in Sources */ = {isa = PBXBuildFile; fileRef = 6338340A206B578700EF7669 /* LoginViewController.swift */; };
		6338340F206B588C00EF7669 /* Login.xcassets in Resources */ = {isa = PBXBuildFile; fileRef = 6338340E206B588C00EF7669 /* Login.xcassets */; };
		63383411206B5B1100EF7669 /* Constants.swift in Sources */ = {isa = PBXBuildFile; fileRef = 63383410206B5B1100EF7669 /* Constants.swift */; };
		63383413206B5C7400EF7669 /* Font.swift in Sources */ = {isa = PBXBuildFile; fileRef = 63383412206B5C7400EF7669 /* Font.swift */; };
		63383421206B5E7900EF7669 /* Roboto-ThinItalic.ttf in Resources */ = {isa = PBXBuildFile; fileRef = 63383415206B5E7800EF7669 /* Roboto-ThinItalic.ttf */; };
		63383422206B5E7900EF7669 /* Roboto-MediumItalic.ttf in Resources */ = {isa = PBXBuildFile; fileRef = 63383416206B5E7800EF7669 /* Roboto-MediumItalic.ttf */; };
		63383423206B5E7900EF7669 /* Roboto-Black.ttf in Resources */ = {isa = PBXBuildFile; fileRef = 63383417206B5E7800EF7669 /* Roboto-Black.ttf */; };
		63383424206B5E7900EF7669 /* Roboto-BoldItalic.ttf in Resources */ = {isa = PBXBuildFile; fileRef = 63383418206B5E7800EF7669 /* Roboto-BoldItalic.ttf */; };
		63383425206B5E7900EF7669 /* Roboto-Light.ttf in Resources */ = {isa = PBXBuildFile; fileRef = 63383419206B5E7800EF7669 /* Roboto-Light.ttf */; };
		63383426206B5E7900EF7669 /* Roboto-Regular.ttf in Resources */ = {isa = PBXBuildFile; fileRef = 6338341A206B5E7800EF7669 /* Roboto-Regular.ttf */; };
		63383427206B5E7900EF7669 /* Roboto-BlackItalic.ttf in Resources */ = {isa = PBXBuildFile; fileRef = 6338341B206B5E7800EF7669 /* Roboto-BlackItalic.ttf */; };
		63383428206B5E7900EF7669 /* Roboto-Bold.ttf in Resources */ = {isa = PBXBuildFile; fileRef = 6338341C206B5E7800EF7669 /* Roboto-Bold.ttf */; };
		63383429206B5E7900EF7669 /* Roboto-Medium.ttf in Resources */ = {isa = PBXBuildFile; fileRef = 6338341D206B5E7800EF7669 /* Roboto-Medium.ttf */; };
		6338342A206B5E7900EF7669 /* Roboto-LightItalic.ttf in Resources */ = {isa = PBXBuildFile; fileRef = 6338341E206B5E7900EF7669 /* Roboto-LightItalic.ttf */; };
		6338342B206B5E7900EF7669 /* Roboto-Italic.ttf in Resources */ = {isa = PBXBuildFile; fileRef = 6338341F206B5E7900EF7669 /* Roboto-Italic.ttf */; };
		6338342C206B5E7900EF7669 /* Roboto-Thin.ttf in Resources */ = {isa = PBXBuildFile; fileRef = 63383420206B5E7900EF7669 /* Roboto-Thin.ttf */; };
		635079602072A07B00D4D84F /* MainTabBar.xcassets in Resources */ = {isa = PBXBuildFile; fileRef = 6350795F2072A07B00D4D84F /* MainTabBar.xcassets */; };
		635079632072A2B200D4D84F /* RestaurantListing.xcassets in Resources */ = {isa = PBXBuildFile; fileRef = 635079622072A2B200D4D84F /* RestaurantListing.xcassets */; };
		635079652072A66500D4D84F /* Restaurant.swift in Sources */ = {isa = PBXBuildFile; fileRef = 635079642072A66500D4D84F /* Restaurant.swift */; };
		635079672072A9FB00D4D84F /* RestaurantTableViewCell.swift in Sources */ = {isa = PBXBuildFile; fileRef = 635079662072A9FB00D4D84F /* RestaurantTableViewCell.swift */; };
		635079692072B40C00D4D84F /* ActionButton.swift in Sources */ = {isa = PBXBuildFile; fileRef = 635079682072B40C00D4D84F /* ActionButton.swift */; };
		6388FF50206BB2C7000F802A /* RestaurantListingViewController.swift in Sources */ = {isa = PBXBuildFile; fileRef = 6388FF4F206BB2C7000F802A /* RestaurantListingViewController.swift */; };
		6388FF52206BC707000F802A /* MainTabBarController.swift in Sources */ = {isa = PBXBuildFile; fileRef = 6388FF51206BC707000F802A /* MainTabBarController.swift */; };
		639C184220735F2C00A3F72A /* AlternateActionButton.swift in Sources */ = {isa = PBXBuildFile; fileRef = 639C184120735F2C00A3F72A /* AlternateActionButton.swift */; };
		639C1844207362A700A3F72A /* TextField.swift in Sources */ = {isa = PBXBuildFile; fileRef = 639C1843207362A700A3F72A /* TextField.swift */; };
		639C184B2073B04D00A3F72A /* UserAccountViewController.swift in Sources */ = {isa = PBXBuildFile; fileRef = 639C184A2073B04D00A3F72A /* UserAccountViewController.swift */; };
		639C18552073B72600A3F72A /* AugmentedReality.xcassets in Resources */ = {isa = PBXBuildFile; fileRef = 639C18542073B72600A3F72A /* AugmentedReality.xcassets */; };
		639C185A2073B74E00A3F72A /* UserAccount.xcassets in Resources */ = {isa = PBXBuildFile; fileRef = 639C18592073B74E00A3F72A /* UserAccount.xcassets */; };
		639C185C2073B76600A3F72A /* ARViewController.swift in Sources */ = {isa = PBXBuildFile; fileRef = 639C185B2073B76600A3F72A /* ARViewController.swift */; };
		639C185E2073B7A800A3F72A /* IntroductionARViewController.swift in Sources */ = {isa = PBXBuildFile; fileRef = 639C185D2073B7A800A3F72A /* IntroductionARViewController.swift */; };
		639C188D2073C54B00A3F72A /* holeAndLeaf1.mtl in Resources */ = {isa = PBXBuildFile; fileRef = 639C185F2073C53E00A3F72A /* holeAndLeaf1.mtl */; };
		639C188E2073C54B00A3F72A /* seed.scn in Resources */ = {isa = PBXBuildFile; fileRef = 639C18602073C53E00A3F72A /* seed.scn */; };
		639C188F2073C54B00A3F72A /* hole3.scn in Resources */ = {isa = PBXBuildFile; fileRef = 639C18612073C53F00A3F72A /* hole3.scn */; };
		639C18902073C54B00A3F72A /* introduction.m4a in Resources */ = {isa = PBXBuildFile; fileRef = 639C18622073C53F00A3F72A /* introduction.m4a */; };
		639C18912073C54B00A3F72A /* hole2.png in Resources */ = {isa = PBXBuildFile; fileRef = 639C18632073C53F00A3F72A /* hole2.png */; };
		639C18922073C54B00A3F72A /* hole3.mtl in Resources */ = {isa = PBXBuildFile; fileRef = 639C18642073C53F00A3F72A /* hole3.mtl */; };
		639C18932073C54B00A3F72A /* hole3.png in Resources */ = {isa = PBXBuildFile; fileRef = 639C18652073C53F00A3F72A /* hole3.png */; };
		639C18942073C54B00A3F72A /* apples.scn in Resources */ = {isa = PBXBuildFile; fileRef = 639C18662073C53F00A3F72A /* apples.scn */; };
		639C18952073C54B00A3F72A /* cloud.png in Resources */ = {isa = PBXBuildFile; fileRef = 639C18672073C54000A3F72A /* cloud.png */; };
		639C18962073C54B00A3F72A /* holeAndLeaf1.png in Resources */ = {isa = PBXBuildFile; fileRef = 639C18682073C54000A3F72A /* holeAndLeaf1.png */; };
		639C18972073C54B00A3F72A /* holeAndLeaf2.mtl in Resources */ = {isa = PBXBuildFile; fileRef = 639C18692073C54000A3F72A /* holeAndLeaf2.mtl */; };
		639C18982073C54B00A3F72A /* holeAndLeaf3.mtl in Resources */ = {isa = PBXBuildFile; fileRef = 639C186A2073C54000A3F72A /* holeAndLeaf3.mtl */; };
		639C18992073C54B00A3F72A /* flatHole.scn in Resources */ = {isa = PBXBuildFile; fileRef = 639C186B2073C54100A3F72A /* flatHole.scn */; };
		639C189A2073C54B00A3F72A /* cloud.scn in Resources */ = {isa = PBXBuildFile; fileRef = 639C186C2073C54100A3F72A /* cloud.scn */; };
		639C189B2073C54B00A3F72A /* apple.png in Resources */ = {isa = PBXBuildFile; fileRef = 639C186D2073C54100A3F72A /* apple.png */; };
		639C189C2073C54B00A3F72A /* hole1.png in Resources */ = {isa = PBXBuildFile; fileRef = 639C186E2073C54100A3F72A /* hole1.png */; };
		639C189D2073C54B00A3F72A /* simpleTreeWithApplesTest.scn in Resources */ = {isa = PBXBuildFile; fileRef = 639C186F2073C54100A3F72A /* simpleTreeWithApplesTest.scn */; };
		639C189E2073C54B00A3F72A /* flatHole.mtl in Resources */ = {isa = PBXBuildFile; fileRef = 639C18702073C54200A3F72A /* flatHole.mtl */; };
		639C189F2073C54B00A3F72A /* hole1.mtl in Resources */ = {isa = PBXBuildFile; fileRef = 639C18712073C54200A3F72A /* hole1.mtl */; };
		639C18A02073C54B00A3F72A /* hole2.scn in Resources */ = {isa = PBXBuildFile; fileRef = 639C18722073C54200A3F72A /* hole2.scn */; };
		639C18A12073C54B00A3F72A /* holeAndLeaf2.scn in Resources */ = {isa = PBXBuildFile; fileRef = 639C18732073C54300A3F72A /* holeAndLeaf2.scn */; };
		639C18A22073C54B00A3F72A /* holeAndLeaf3.png in Resources */ = {isa = PBXBuildFile; fileRef = 639C18742073C54300A3F72A /* holeAndLeaf3.png */; };
		639C18A32073C54B00A3F72A /* apple.scn in Resources */ = {isa = PBXBuildFile; fileRef = 639C18752073C54300A3F72A /* apple.scn */; };
		639C18A42073C54B00A3F72A /* oxygen.m4a in Resources */ = {isa = PBXBuildFile; fileRef = 639C18762073C54300A3F72A /* oxygen.m4a */; };
		639C18A52073C54B00A3F72A /* SunnyWeather.m4a in Resources */ = {isa = PBXBuildFile; fileRef = 639C18772073C54400A3F72A /* SunnyWeather.m4a */; };
		639C18A62073C54B00A3F72A /* holeAndLeaf2.png in Resources */ = {isa = PBXBuildFile; fileRef = 639C18782073C54400A3F72A /* holeAndLeaf2.png */; };
		639C18A72073C54B00A3F72A /* simpleTree.mtl in Resources */ = {isa = PBXBuildFile; fileRef = 639C18792073C54400A3F72A /* simpleTree.mtl */; };
		639C18A82073C54B00A3F72A /* simpleTree.png in Resources */ = {isa = PBXBuildFile; fileRef = 639C187A2073C54500A3F72A /* simpleTree.png */; };
		639C18A92073C54B00A3F72A /* apple.mtl in Resources */ = {isa = PBXBuildFile; fileRef = 639C187B2073C54500A3F72A /* apple.mtl */; };
		639C18AA2073C54B00A3F72A /* hole1.scn in Resources */ = {isa = PBXBuildFile; fileRef = 639C187C2073C54600A3F72A /* hole1.scn */; };
		639C18AB2073C54B00A3F72A /* holeAndLeaf3.scn in Resources */ = {isa = PBXBuildFile; fileRef = 639C187D2073C54600A3F72A /* holeAndLeaf3.scn */; };
		639C18AC2073C54B00A3F72A /* thanks.m4a in Resources */ = {isa = PBXBuildFile; fileRef = 639C187E2073C54600A3F72A /* thanks.m4a */; };
		639C18AD2073C54B00A3F72A /* flatHole.png in Resources */ = {isa = PBXBuildFile; fileRef = 639C187F2073C54700A3F72A /* flatHole.png */; };
		639C18AE2073C54B00A3F72A /* seed.png in Resources */ = {isa = PBXBuildFile; fileRef = 639C18802073C54700A3F72A /* seed.png */; };
		639C18AF2073C54B00A3F72A /* cloud.mtl in Resources */ = {isa = PBXBuildFile; fileRef = 639C18812073C54700A3F72A /* cloud.mtl */; };
		639C18B02073C54B00A3F72A /* RainyWeather.m4a in Resources */ = {isa = PBXBuildFile; fileRef = 639C18822073C54800A3F72A /* RainyWeather.m4a */; };
		639C18B12073C54B00A3F72A /* rainParticleSystem.scnp in Resources */ = {isa = PBXBuildFile; fileRef = 639C18832073C54800A3F72A /* rainParticleSystem.scnp */; };
		639C18B22073C54B00A3F72A /* simpleTreeWithApples.scn in Resources */ = {isa = PBXBuildFile; fileRef = 639C18842073C54800A3F72A /* simpleTreeWithApples.scn */; };
		639C18B32073C54B00A3F72A /* spark.png in Resources */ = {isa = PBXBuildFile; fileRef = 639C18852073C54900A3F72A /* spark.png */; };
		639C18B42073C54B00A3F72A /* holeAndLeaf1.scn in Resources */ = {isa = PBXBuildFile; fileRef = 639C18862073C54900A3F72A /* holeAndLeaf1.scn */; };
		639C18B52073C54B00A3F72A /* simpleTree.scn in Resources */ = {isa = PBXBuildFile; fileRef = 639C18872073C54900A3F72A /* simpleTree.scn */; };
		639C18B62073C54B00A3F72A /* hole2.mtl in Resources */ = {isa = PBXBuildFile; fileRef = 639C18882073C54A00A3F72A /* hole2.mtl */; };
		639C18B72073C54B00A3F72A /* Rain.m4a in Resources */ = {isa = PBXBuildFile; fileRef = 639C18892073C54A00A3F72A /* Rain.m4a */; };
		639C18B82073C54B00A3F72A /* name.m4a in Resources */ = {isa = PBXBuildFile; fileRef = 639C188A2073C54A00A3F72A /* name.m4a */; };
		639C18B92073C54B00A3F72A /* applesSizeVariation.scn in Resources */ = {isa = PBXBuildFile; fileRef = 639C188B2073C54B00A3F72A /* applesSizeVariation.scn */; };
		639C18BA2073C54B00A3F72A /* seed.mtl in Resources */ = {isa = PBXBuildFile; fileRef = 639C188C2073C54B00A3F72A /* seed.mtl */; };
		639C18BC2073C61200A3F72A /* StyleKit.swift in Sources */ = {isa = PBXBuildFile; fileRef = 639C18BB2073C61200A3F72A /* StyleKit.swift */; };
		639C18BE2073C9A800A3F72A /* Platform.swift in Sources */ = {isa = PBXBuildFile; fileRef = 639C18BD2073C9A800A3F72A /* Platform.swift */; };
		EC5ADC432D80DCFA9494AA47 /* Pods_iOSTakeHomeTestV1.framework in Frameworks */ = {isa = PBXBuildFile; fileRef = E163F54561940584994D5905 /* Pods_iOSTakeHomeTestV1.framework */; };
/* End PBXBuildFile section */

/* Begin PBXFileReference section */
		3D25073C7C6AB2F6B2115B26 /* Pods-iOSTakeHomeTestV1.debug.xcconfig */ = {isa = PBXFileReference; includeInIndex = 1; lastKnownFileType = text.xcconfig; name = "Pods-iOSTakeHomeTestV1.debug.xcconfig"; path = "Pods/Target Support Files/Pods-iOSTakeHomeTestV1/Pods-iOSTakeHomeTestV1.debug.xcconfig"; sourceTree = "<group>"; };
		633833EA206B511900EF7669 /* iOSTakeHomeTestV1.app */ = {isa = PBXFileReference; explicitFileType = wrapper.application; includeInIndex = 0; path = iOSTakeHomeTestV1.app; sourceTree = BUILT_PRODUCTS_DIR; };
		633833ED206B511900EF7669 /* AppDelegate.swift */ = {isa = PBXFileReference; lastKnownFileType = sourcecode.swift; path = AppDelegate.swift; sourceTree = "<group>"; };
		633833F4206B511900EF7669 /* Assets.xcassets */ = {isa = PBXFileReference; lastKnownFileType = folder.assetcatalog; path = Assets.xcassets; sourceTree = "<group>"; };
		633833F7206B511900EF7669 /* Base */ = {isa = PBXFileReference; lastKnownFileType = file.storyboard; name = Base; path = Base.lproj/LaunchScreen.storyboard; sourceTree = "<group>"; };
		633833F9206B511900EF7669 /* Info.plist */ = {isa = PBXFileReference; lastKnownFileType = text.plist.xml; path = Info.plist; sourceTree = "<group>"; };
		63383404206B536200EF7669 /* Extensions.swift */ = {isa = PBXFileReference; lastKnownFileType = sourcecode.swift; path = Extensions.swift; sourceTree = "<group>"; };
		6338340A206B578700EF7669 /* LoginViewController.swift */ = {isa = PBXFileReference; lastKnownFileType = sourcecode.swift; path = LoginViewController.swift; sourceTree = "<group>"; };
		6338340E206B588C00EF7669 /* Login.xcassets */ = {isa = PBXFileReference; lastKnownFileType = folder.assetcatalog; path = Login.xcassets; sourceTree = "<group>"; };
		63383410206B5B1100EF7669 /* Constants.swift */ = {isa = PBXFileReference; lastKnownFileType = sourcecode.swift; path = Constants.swift; sourceTree = "<group>"; };
		63383412206B5C7400EF7669 /* Font.swift */ = {isa = PBXFileReference; lastKnownFileType = sourcecode.swift; path = Font.swift; sourceTree = "<group>"; };
		63383415206B5E7800EF7669 /* Roboto-ThinItalic.ttf */ = {isa = PBXFileReference; lastKnownFileType = file; path = "Roboto-ThinItalic.ttf"; sourceTree = "<group>"; };
		63383416206B5E7800EF7669 /* Roboto-MediumItalic.ttf */ = {isa = PBXFileReference; lastKnownFileType = file; path = "Roboto-MediumItalic.ttf"; sourceTree = "<group>"; };
		63383417206B5E7800EF7669 /* Roboto-Black.ttf */ = {isa = PBXFileReference; lastKnownFileType = file; path = "Roboto-Black.ttf"; sourceTree = "<group>"; };
		63383418206B5E7800EF7669 /* Roboto-BoldItalic.ttf */ = {isa = PBXFileReference; lastKnownFileType = file; path = "Roboto-BoldItalic.ttf"; sourceTree = "<group>"; };
		63383419206B5E7800EF7669 /* Roboto-Light.ttf */ = {isa = PBXFileReference; lastKnownFileType = file; path = "Roboto-Light.ttf"; sourceTree = "<group>"; };
		6338341A206B5E7800EF7669 /* Roboto-Regular.ttf */ = {isa = PBXFileReference; lastKnownFileType = file; path = "Roboto-Regular.ttf"; sourceTree = "<group>"; };
		6338341B206B5E7800EF7669 /* Roboto-BlackItalic.ttf */ = {isa = PBXFileReference; lastKnownFileType = file; path = "Roboto-BlackItalic.ttf"; sourceTree = "<group>"; };
		6338341C206B5E7800EF7669 /* Roboto-Bold.ttf */ = {isa = PBXFileReference; lastKnownFileType = file; path = "Roboto-Bold.ttf"; sourceTree = "<group>"; };
		6338341D206B5E7800EF7669 /* Roboto-Medium.ttf */ = {isa = PBXFileReference; lastKnownFileType = file; path = "Roboto-Medium.ttf"; sourceTree = "<group>"; };
		6338341E206B5E7900EF7669 /* Roboto-LightItalic.ttf */ = {isa = PBXFileReference; lastKnownFileType = file; path = "Roboto-LightItalic.ttf"; sourceTree = "<group>"; };
		6338341F206B5E7900EF7669 /* Roboto-Italic.ttf */ = {isa = PBXFileReference; lastKnownFileType = file; path = "Roboto-Italic.ttf"; sourceTree = "<group>"; };
		63383420206B5E7900EF7669 /* Roboto-Thin.ttf */ = {isa = PBXFileReference; lastKnownFileType = file; path = "Roboto-Thin.ttf"; sourceTree = "<group>"; };
		6350795F2072A07B00D4D84F /* MainTabBar.xcassets */ = {isa = PBXFileReference; lastKnownFileType = folder.assetcatalog; path = MainTabBar.xcassets; sourceTree = "<group>"; };
		635079622072A2B200D4D84F /* RestaurantListing.xcassets */ = {isa = PBXFileReference; lastKnownFileType = folder.assetcatalog; path = RestaurantListing.xcassets; sourceTree = "<group>"; };
		635079642072A66500D4D84F /* Restaurant.swift */ = {isa = PBXFileReference; lastKnownFileType = sourcecode.swift; path = Restaurant.swift; sourceTree = "<group>"; };
		635079662072A9FB00D4D84F /* RestaurantTableViewCell.swift */ = {isa = PBXFileReference; lastKnownFileType = sourcecode.swift; path = RestaurantTableViewCell.swift; sourceTree = "<group>"; };
		635079682072B40C00D4D84F /* ActionButton.swift */ = {isa = PBXFileReference; lastKnownFileType = sourcecode.swift; path = ActionButton.swift; sourceTree = "<group>"; };
		6388FF4F206BB2C7000F802A /* RestaurantListingViewController.swift */ = {isa = PBXFileReference; lastKnownFileType = sourcecode.swift; path = RestaurantListingViewController.swift; sourceTree = "<group>"; };
		6388FF51206BC707000F802A /* MainTabBarController.swift */ = {isa = PBXFileReference; lastKnownFileType = sourcecode.swift; path = MainTabBarController.swift; sourceTree = "<group>"; };
		639C184120735F2C00A3F72A /* AlternateActionButton.swift */ = {isa = PBXFileReference; lastKnownFileType = sourcecode.swift; path = AlternateActionButton.swift; sourceTree = "<group>"; };
		639C1843207362A700A3F72A /* TextField.swift */ = {isa = PBXFileReference; lastKnownFileType = sourcecode.swift; path = TextField.swift; sourceTree = "<group>"; };
		639C184A2073B04D00A3F72A /* UserAccountViewController.swift */ = {isa = PBXFileReference; lastKnownFileType = sourcecode.swift; path = UserAccountViewController.swift; sourceTree = "<group>"; };
		639C18542073B72600A3F72A /* AugmentedReality.xcassets */ = {isa = PBXFileReference; lastKnownFileType = folder.assetcatalog; path = AugmentedReality.xcassets; sourceTree = "<group>"; };
		639C18592073B74E00A3F72A /* UserAccount.xcassets */ = {isa = PBXFileReference; lastKnownFileType = folder.assetcatalog; path = UserAccount.xcassets; sourceTree = "<group>"; };
		639C185B2073B76600A3F72A /* ARViewController.swift */ = {isa = PBXFileReference; lastKnownFileType = sourcecode.swift; path = ARViewController.swift; sourceTree = "<group>"; };
		639C185D2073B7A800A3F72A /* IntroductionARViewController.swift */ = {isa = PBXFileReference; lastKnownFileType = sourcecode.swift; path = IntroductionARViewController.swift; sourceTree = "<group>"; };
		639C185F2073C53E00A3F72A /* holeAndLeaf1.mtl */ = {isa = PBXFileReference; fileEncoding = 4; lastKnownFileType = text; path = holeAndLeaf1.mtl; sourceTree = "<group>"; };
		639C18602073C53E00A3F72A /* seed.scn */ = {isa = PBXFileReference; lastKnownFileType = file.bplist; path = seed.scn; sourceTree = "<group>"; };
		639C18612073C53F00A3F72A /* hole3.scn */ = {isa = PBXFileReference; lastKnownFileType = file.bplist; path = hole3.scn; sourceTree = "<group>"; };
		639C18622073C53F00A3F72A /* introduction.m4a */ = {isa = PBXFileReference; lastKnownFileType = file; path = introduction.m4a; sourceTree = "<group>"; };
		639C18632073C53F00A3F72A /* hole2.png */ = {isa = PBXFileReference; lastKnownFileType = image.png; path = hole2.png; sourceTree = "<group>"; };
		639C18642073C53F00A3F72A /* hole3.mtl */ = {isa = PBXFileReference; fileEncoding = 4; lastKnownFileType = text; path = hole3.mtl; sourceTree = "<group>"; };
		639C18652073C53F00A3F72A /* hole3.png */ = {isa = PBXFileReference; lastKnownFileType = image.png; path = hole3.png; sourceTree = "<group>"; };
		639C18662073C53F00A3F72A /* apples.scn */ = {isa = PBXFileReference; lastKnownFileType = file.bplist; path = apples.scn; sourceTree = "<group>"; };
		639C18672073C54000A3F72A /* cloud.png */ = {isa = PBXFileReference; lastKnownFileType = image.png; path = cloud.png; sourceTree = "<group>"; };
		639C18682073C54000A3F72A /* holeAndLeaf1.png */ = {isa = PBXFileReference; lastKnownFileType = image.png; path = holeAndLeaf1.png; sourceTree = "<group>"; };
		639C18692073C54000A3F72A /* holeAndLeaf2.mtl */ = {isa = PBXFileReference; fileEncoding = 4; lastKnownFileType = text; path = holeAndLeaf2.mtl; sourceTree = "<group>"; };
		639C186A2073C54000A3F72A /* holeAndLeaf3.mtl */ = {isa = PBXFileReference; fileEncoding = 4; lastKnownFileType = text; path = holeAndLeaf3.mtl; sourceTree = "<group>"; };
		639C186B2073C54100A3F72A /* flatHole.scn */ = {isa = PBXFileReference; lastKnownFileType = file.bplist; path = flatHole.scn; sourceTree = "<group>"; };
		639C186C2073C54100A3F72A /* cloud.scn */ = {isa = PBXFileReference; lastKnownFileType = file.bplist; path = cloud.scn; sourceTree = "<group>"; };
		639C186D2073C54100A3F72A /* apple.png */ = {isa = PBXFileReference; lastKnownFileType = image.png; path = apple.png; sourceTree = "<group>"; };
		639C186E2073C54100A3F72A /* hole1.png */ = {isa = PBXFileReference; lastKnownFileType = image.png; path = hole1.png; sourceTree = "<group>"; };
		639C186F2073C54100A3F72A /* simpleTreeWithApplesTest.scn */ = {isa = PBXFileReference; lastKnownFileType = file.bplist; path = simpleTreeWithApplesTest.scn; sourceTree = "<group>"; };
		639C18702073C54200A3F72A /* flatHole.mtl */ = {isa = PBXFileReference; fileEncoding = 4; lastKnownFileType = text; path = flatHole.mtl; sourceTree = "<group>"; };
		639C18712073C54200A3F72A /* hole1.mtl */ = {isa = PBXFileReference; fileEncoding = 4; lastKnownFileType = text; path = hole1.mtl; sourceTree = "<group>"; };
		639C18722073C54200A3F72A /* hole2.scn */ = {isa = PBXFileReference; lastKnownFileType = file.bplist; path = hole2.scn; sourceTree = "<group>"; };
		639C18732073C54300A3F72A /* holeAndLeaf2.scn */ = {isa = PBXFileReference; lastKnownFileType = file.bplist; path = holeAndLeaf2.scn; sourceTree = "<group>"; };
		639C18742073C54300A3F72A /* holeAndLeaf3.png */ = {isa = PBXFileReference; lastKnownFileType = image.png; path = holeAndLeaf3.png; sourceTree = "<group>"; };
		639C18752073C54300A3F72A /* apple.scn */ = {isa = PBXFileReference; lastKnownFileType = file.bplist; path = apple.scn; sourceTree = "<group>"; };
		639C18762073C54300A3F72A /* oxygen.m4a */ = {isa = PBXFileReference; lastKnownFileType = file; path = oxygen.m4a; sourceTree = "<group>"; };
		639C18772073C54400A3F72A /* SunnyWeather.m4a */ = {isa = PBXFileReference; lastKnownFileType = file; path = SunnyWeather.m4a; sourceTree = "<group>"; };
		639C18782073C54400A3F72A /* holeAndLeaf2.png */ = {isa = PBXFileReference; lastKnownFileType = image.png; path = holeAndLeaf2.png; sourceTree = "<group>"; };
		639C18792073C54400A3F72A /* simpleTree.mtl */ = {isa = PBXFileReference; fileEncoding = 4; lastKnownFileType = text; path = simpleTree.mtl; sourceTree = "<group>"; };
		639C187A2073C54500A3F72A /* simpleTree.png */ = {isa = PBXFileReference; lastKnownFileType = image.png; path = simpleTree.png; sourceTree = "<group>"; };
		639C187B2073C54500A3F72A /* apple.mtl */ = {isa = PBXFileReference; fileEncoding = 4; lastKnownFileType = text; path = apple.mtl; sourceTree = "<group>"; };
		639C187C2073C54600A3F72A /* hole1.scn */ = {isa = PBXFileReference; lastKnownFileType = file.bplist; path = hole1.scn; sourceTree = "<group>"; };
		639C187D2073C54600A3F72A /* holeAndLeaf3.scn */ = {isa = PBXFileReference; lastKnownFileType = file.bplist; path = holeAndLeaf3.scn; sourceTree = "<group>"; };
		639C187E2073C54600A3F72A /* thanks.m4a */ = {isa = PBXFileReference; lastKnownFileType = file; path = thanks.m4a; sourceTree = "<group>"; };
		639C187F2073C54700A3F72A /* flatHole.png */ = {isa = PBXFileReference; lastKnownFileType = image.png; path = flatHole.png; sourceTree = "<group>"; };
		639C18802073C54700A3F72A /* seed.png */ = {isa = PBXFileReference; lastKnownFileType = image.png; path = seed.png; sourceTree = "<group>"; };
		639C18812073C54700A3F72A /* cloud.mtl */ = {isa = PBXFileReference; fileEncoding = 4; lastKnownFileType = text; path = cloud.mtl; sourceTree = "<group>"; };
		639C18822073C54800A3F72A /* RainyWeather.m4a */ = {isa = PBXFileReference; lastKnownFileType = file; path = RainyWeather.m4a; sourceTree = "<group>"; };
		639C18832073C54800A3F72A /* rainParticleSystem.scnp */ = {isa = PBXFileReference; lastKnownFileType = file.scp; path = rainParticleSystem.scnp; sourceTree = "<group>"; };
		639C18842073C54800A3F72A /* simpleTreeWithApples.scn */ = {isa = PBXFileReference; lastKnownFileType = file.bplist; path = simpleTreeWithApples.scn; sourceTree = "<group>"; };
		639C18852073C54900A3F72A /* spark.png */ = {isa = PBXFileReference; lastKnownFileType = image.png; path = spark.png; sourceTree = "<group>"; };
		639C18862073C54900A3F72A /* holeAndLeaf1.scn */ = {isa = PBXFileReference; lastKnownFileType = file.bplist; path = holeAndLeaf1.scn; sourceTree = "<group>"; };
		639C18872073C54900A3F72A /* simpleTree.scn */ = {isa = PBXFileReference; lastKnownFileType = file.bplist; path = simpleTree.scn; sourceTree = "<group>"; };
		639C18882073C54A00A3F72A /* hole2.mtl */ = {isa = PBXFileReference; fileEncoding = 4; lastKnownFileType = text; path = hole2.mtl; sourceTree = "<group>"; };
		639C18892073C54A00A3F72A /* Rain.m4a */ = {isa = PBXFileReference; lastKnownFileType = file; path = Rain.m4a; sourceTree = "<group>"; };
		639C188A2073C54A00A3F72A /* name.m4a */ = {isa = PBXFileReference; lastKnownFileType = file; path = name.m4a; sourceTree = "<group>"; };
		639C188B2073C54B00A3F72A /* applesSizeVariation.scn */ = {isa = PBXFileReference; lastKnownFileType = file.bplist; path = applesSizeVariation.scn; sourceTree = "<group>"; };
		639C188C2073C54B00A3F72A /* seed.mtl */ = {isa = PBXFileReference; fileEncoding = 4; lastKnownFileType = text; path = seed.mtl; sourceTree = "<group>"; };
		639C18BB2073C61200A3F72A /* StyleKit.swift */ = {isa = PBXFileReference; fileEncoding = 4; lastKnownFileType = sourcecode.swift; path = StyleKit.swift; sourceTree = "<group>"; };
		639C18BD2073C9A800A3F72A /* Platform.swift */ = {isa = PBXFileReference; lastKnownFileType = sourcecode.swift; path = Platform.swift; sourceTree = "<group>"; };
		B58AD0DBFBBFEEDF7708743C /* Pods-iOSTakeHomeTestV1.release.xcconfig */ = {isa = PBXFileReference; includeInIndex = 1; lastKnownFileType = text.xcconfig; name = "Pods-iOSTakeHomeTestV1.release.xcconfig"; path = "Pods/Target Support Files/Pods-iOSTakeHomeTestV1/Pods-iOSTakeHomeTestV1.release.xcconfig"; sourceTree = "<group>"; };
		E163F54561940584994D5905 /* Pods_iOSTakeHomeTestV1.framework */ = {isa = PBXFileReference; explicitFileType = wrapper.framework; includeInIndex = 0; path = Pods_iOSTakeHomeTestV1.framework; sourceTree = BUILT_PRODUCTS_DIR; };
/* End PBXFileReference section */

/* Begin PBXFrameworksBuildPhase section */
		633833E7206B511900EF7669 /* Frameworks */ = {
			isa = PBXFrameworksBuildPhase;
			buildActionMask = 2147483647;
			files = (
				EC5ADC432D80DCFA9494AA47 /* Pods_iOSTakeHomeTestV1.framework in Frameworks */,
			);
			runOnlyForDeploymentPostprocessing = 0;
		};
/* End PBXFrameworksBuildPhase section */

/* Begin PBXGroup section */
		633833E1206B511900EF7669 = {
			isa = PBXGroup;
			children = (
				633833EC206B511900EF7669 /* iOSTakeHomeTestV1 */,
				633833EB206B511900EF7669 /* Products */,
				95A9F224221FB44B8A8967E5 /* Pods */,
				958368B9E7C69BFE5A587374 /* Frameworks */,
			);
			sourceTree = "<group>";
		};
		633833EB206B511900EF7669 /* Products */ = {
			isa = PBXGroup;
			children = (
				633833EA206B511900EF7669 /* iOSTakeHomeTestV1.app */,
			);
			name = Products;
			sourceTree = "<group>";
		};
		633833EC206B511900EF7669 /* iOSTakeHomeTestV1 */ = {
			isa = PBXGroup;
			children = (
				633833FF206B52ED00EF7669 /* App */,
				639C184F2073B6EB00A3F72A /* Augemented Reality */,
				63383406206B572400EF7669 /* Login */,
				6350795C2072A01900D4D84F /* Main Tab Bar */,
				6388FF49206BAC4D000F802A /* Restaurant Listing */,
				635079612072A18300D4D84F /* User Account */,
			);
			path = iOSTakeHomeTestV1;
			sourceTree = "<group>";
		};
		633833FF206B52ED00EF7669 /* App */ = {
			isa = PBXGroup;
			children = (
				63383400206B52F600EF7669 /* AppDelegate */,
				63383414206B5E5000EF7669 /* Fonts */,
				63383401206B52FD00EF7669 /* Resources */,
				63383402206B530800EF7669 /* Supporting Files */,
				63383403206B532D00EF7669 /* Utilities */,
				6338340C206B57F600EF7669 /* Views */,
			);
			path = App;
			sourceTree = "<group>";
		};
		63383400206B52F600EF7669 /* AppDelegate */ = {
			isa = PBXGroup;
			children = (
				633833ED206B511900EF7669 /* AppDelegate.swift */,
			);
			path = AppDelegate;
			sourceTree = "<group>";
		};
		63383401206B52FD00EF7669 /* Resources */ = {
			isa = PBXGroup;
			children = (
				633833F4206B511900EF7669 /* Assets.xcassets */,
			);
			path = Resources;
			sourceTree = "<group>";
		};
		63383402206B530800EF7669 /* Supporting Files */ = {
			isa = PBXGroup;
			children = (
				633833F9206B511900EF7669 /* Info.plist */,
			);
			path = "Supporting Files";
			sourceTree = "<group>";
		};
		63383403206B532D00EF7669 /* Utilities */ = {
			isa = PBXGroup;
			children = (
				63383410206B5B1100EF7669 /* Constants.swift */,
				63383404206B536200EF7669 /* Extensions.swift */,
				63383412206B5C7400EF7669 /* Font.swift */,
				639C18BB2073C61200A3F72A /* StyleKit.swift */,
			);
			path = Utilities;
			sourceTree = "<group>";
		};
		63383406206B572400EF7669 /* Login */ = {
			isa = PBXGroup;
			children = (
				63383409206B573B00EF7669 /* Controllers */,
				63383407206B572F00EF7669 /* Models */,
				6338340D206B588100EF7669 /* Resources */,
				63383408206B573600EF7669 /* Views */,
			);
			path = Login;
			sourceTree = "<group>";
		};
		63383407206B572F00EF7669 /* Models */ = {
			isa = PBXGroup;
			children = (
			);
			path = Models;
			sourceTree = "<group>";
		};
		63383408206B573600EF7669 /* Views */ = {
			isa = PBXGroup;
			children = (
				635079682072B40C00D4D84F /* ActionButton.swift */,
				639C184120735F2C00A3F72A /* AlternateActionButton.swift */,
				639C1843207362A700A3F72A /* TextField.swift */,
			);
			path = Views;
			sourceTree = "<group>";
		};
		63383409206B573B00EF7669 /* Controllers */ = {
			isa = PBXGroup;
			children = (
				6338340A206B578700EF7669 /* LoginViewController.swift */,
			);
			path = Controllers;
			sourceTree = "<group>";
		};
		6338340C206B57F600EF7669 /* Views */ = {
			isa = PBXGroup;
			children = (
				633833F6206B511900EF7669 /* LaunchScreen.storyboard */,
			);
			path = Views;
			sourceTree = "<group>";
		};
		6338340D206B588100EF7669 /* Resources */ = {
			isa = PBXGroup;
			children = (
				6338340E206B588C00EF7669 /* Login.xcassets */,
			);
			path = Resources;
			sourceTree = "<group>";
		};
		63383414206B5E5000EF7669 /* Fonts */ = {
			isa = PBXGroup;
			children = (
				63383417206B5E7800EF7669 /* Roboto-Black.ttf */,
				6338341B206B5E7800EF7669 /* Roboto-BlackItalic.ttf */,
				6338341C206B5E7800EF7669 /* Roboto-Bold.ttf */,
				63383418206B5E7800EF7669 /* Roboto-BoldItalic.ttf */,
				6338341F206B5E7900EF7669 /* Roboto-Italic.ttf */,
				63383419206B5E7800EF7669 /* Roboto-Light.ttf */,
				6338341E206B5E7900EF7669 /* Roboto-LightItalic.ttf */,
				6338341D206B5E7800EF7669 /* Roboto-Medium.ttf */,
				63383416206B5E7800EF7669 /* Roboto-MediumItalic.ttf */,
				6338341A206B5E7800EF7669 /* Roboto-Regular.ttf */,
				63383420206B5E7900EF7669 /* Roboto-Thin.ttf */,
				63383415206B5E7800EF7669 /* Roboto-ThinItalic.ttf */,
			);
			path = Fonts;
			sourceTree = "<group>";
		};
		6350795C2072A01900D4D84F /* Main Tab Bar */ = {
			isa = PBXGroup;
			children = (
				6350795E2072A06500D4D84F /* Resources */,
				6350795D2072A06000D4D84F /* Controllers */,
			);
			path = "Main Tab Bar";
			sourceTree = "<group>";
		};
		6350795D2072A06000D4D84F /* Controllers */ = {
			isa = PBXGroup;
			children = (
				6388FF51206BC707000F802A /* MainTabBarController.swift */,
			);
			path = Controllers;
			sourceTree = "<group>";
		};
		6350795E2072A06500D4D84F /* Resources */ = {
			isa = PBXGroup;
			children = (
				6350795F2072A07B00D4D84F /* MainTabBar.xcassets */,
			);
			path = Resources;
			sourceTree = "<group>";
		};
		635079612072A18300D4D84F /* User Account */ = {
			isa = PBXGroup;
			children = (
				639C18492073B02300A3F72A /* Controllers */,
				639C18562073B73200A3F72A /* Models */,
				639C18582073B74200A3F72A /* Resources */,
				639C18572073B73900A3F72A /* Views */,
			);
			path = "User Account";
			sourceTree = "<group>";
		};
		6388FF49206BAC4D000F802A /* Restaurant Listing */ = {
			isa = PBXGroup;
			children = (
				6388FF4A206BAC6F000F802A /* Controllers */,
				6388FF4B206BAC73000F802A /* Models */,
				6388FF4D206BAC7A000F802A /* Resources */,
				6388FF4C206BAC77000F802A /* Views */,
			);
			path = "Restaurant Listing";
			sourceTree = "<group>";
		};
		6388FF4A206BAC6F000F802A /* Controllers */ = {
			isa = PBXGroup;
			children = (
				6388FF4F206BB2C7000F802A /* RestaurantListingViewController.swift */,
			);
			path = Controllers;
			sourceTree = "<group>";
		};
		6388FF4B206BAC73000F802A /* Models */ = {
			isa = PBXGroup;
			children = (
				635079642072A66500D4D84F /* Restaurant.swift */,
			);
			path = Models;
			sourceTree = "<group>";
		};
		6388FF4C206BAC77000F802A /* Views */ = {
			isa = PBXGroup;
			children = (
				635079662072A9FB00D4D84F /* RestaurantTableViewCell.swift */,
			);
			path = Views;
			sourceTree = "<group>";
		};
		6388FF4D206BAC7A000F802A /* Resources */ = {
			isa = PBXGroup;
			children = (
				635079622072A2B200D4D84F /* RestaurantListing.xcassets */,
			);
			path = Resources;
			sourceTree = "<group>";
		};
		639C18492073B02300A3F72A /* Controllers */ = {
			isa = PBXGroup;
			children = (
				639C184A2073B04D00A3F72A /* UserAccountViewController.swift */,
			);
			path = Controllers;
			sourceTree = "<group>";
		};
		639C184F2073B6EB00A3F72A /* Augemented Reality */ = {
			isa = PBXGroup;
			children = (
				639C18502073B6FD00A3F72A /* Controllers */,
				639C18522073B71100A3F72A /* Models */,
				639C18532073B71800A3F72A /* Resources */,
				639C18512073B70800A3F72A /* Views */,
			);
			path = "Augemented Reality";
			sourceTree = "<group>";
		};
		639C18502073B6FD00A3F72A /* Controllers */ = {
			isa = PBXGroup;
			children = (
				639C185D2073B7A800A3F72A /* IntroductionARViewController.swift */,
				639C185B2073B76600A3F72A /* ARViewController.swift */,
			);
			path = Controllers;
			sourceTree = "<group>";
		};
		639C18512073B70800A3F72A /* Views */ = {
			isa = PBXGroup;
			children = (
			);
			path = Views;
			sourceTree = "<group>";
		};
		639C18522073B71100A3F72A /* Models */ = {
			isa = PBXGroup;
			children = (
				639C18BD2073C9A800A3F72A /* Platform.swift */,
			);
			path = Models;
			sourceTree = "<group>";
		};
		639C18532073B71800A3F72A /* Resources */ = {
			isa = PBXGroup;
			children = (
				639C187B2073C54500A3F72A /* apple.mtl */,
				639C186D2073C54100A3F72A /* apple.png */,
				639C18752073C54300A3F72A /* apple.scn */,
				639C18662073C53F00A3F72A /* apples.scn */,
				639C188B2073C54B00A3F72A /* applesSizeVariation.scn */,
				639C18812073C54700A3F72A /* cloud.mtl */,
				639C18672073C54000A3F72A /* cloud.png */,
				639C186C2073C54100A3F72A /* cloud.scn */,
				639C18702073C54200A3F72A /* flatHole.mtl */,
				639C187F2073C54700A3F72A /* flatHole.png */,
				639C186B2073C54100A3F72A /* flatHole.scn */,
				639C18712073C54200A3F72A /* hole1.mtl */,
				639C186E2073C54100A3F72A /* hole1.png */,
				639C187C2073C54600A3F72A /* hole1.scn */,
				639C18882073C54A00A3F72A /* hole2.mtl */,
				639C18632073C53F00A3F72A /* hole2.png */,
				639C18722073C54200A3F72A /* hole2.scn */,
				639C18642073C53F00A3F72A /* hole3.mtl */,
				639C18652073C53F00A3F72A /* hole3.png */,
				639C18612073C53F00A3F72A /* hole3.scn */,
				639C185F2073C53E00A3F72A /* holeAndLeaf1.mtl */,
				639C18682073C54000A3F72A /* holeAndLeaf1.png */,
				639C18862073C54900A3F72A /* holeAndLeaf1.scn */,
				639C18692073C54000A3F72A /* holeAndLeaf2.mtl */,
				639C18782073C54400A3F72A /* holeAndLeaf2.png */,
				639C18732073C54300A3F72A /* holeAndLeaf2.scn */,
				639C186A2073C54000A3F72A /* holeAndLeaf3.mtl */,
				639C18742073C54300A3F72A /* holeAndLeaf3.png */,
				639C187D2073C54600A3F72A /* holeAndLeaf3.scn */,
				639C18622073C53F00A3F72A /* introduction.m4a */,
				639C188A2073C54A00A3F72A /* name.m4a */,
				639C18762073C54300A3F72A /* oxygen.m4a */,
				639C18892073C54A00A3F72A /* Rain.m4a */,
				639C18832073C54800A3F72A /* rainParticleSystem.scnp */,
				639C18822073C54800A3F72A /* RainyWeather.m4a */,
				639C188C2073C54B00A3F72A /* seed.mtl */,
				639C18802073C54700A3F72A /* seed.png */,
				639C18602073C53E00A3F72A /* seed.scn */,
				639C18792073C54400A3F72A /* simpleTree.mtl */,
				639C187A2073C54500A3F72A /* simpleTree.png */,
				639C18872073C54900A3F72A /* simpleTree.scn */,
				639C18842073C54800A3F72A /* simpleTreeWithApples.scn */,
				639C186F2073C54100A3F72A /* simpleTreeWithApplesTest.scn */,
				639C18852073C54900A3F72A /* spark.png */,
				639C18772073C54400A3F72A /* SunnyWeather.m4a */,
				639C187E2073C54600A3F72A /* thanks.m4a */,
				639C18542073B72600A3F72A /* AugmentedReality.xcassets */,
			);
			path = Resources;
			sourceTree = "<group>";
		};
		639C18562073B73200A3F72A /* Models */ = {
			isa = PBXGroup;
			children = (
			);
			path = Models;
			sourceTree = "<group>";
		};
		639C18572073B73900A3F72A /* Views */ = {
			isa = PBXGroup;
			children = (
			);
			path = Views;
			sourceTree = "<group>";
		};
		639C18582073B74200A3F72A /* Resources */ = {
			isa = PBXGroup;
			children = (
				639C18592073B74E00A3F72A /* UserAccount.xcassets */,
			);
			path = Resources;
			sourceTree = "<group>";
		};
		958368B9E7C69BFE5A587374 /* Frameworks */ = {
			isa = PBXGroup;
			children = (
				E163F54561940584994D5905 /* Pods_iOSTakeHomeTestV1.framework */,
			);
			name = Frameworks;
			sourceTree = "<group>";
		};
		95A9F224221FB44B8A8967E5 /* Pods */ = {
			isa = PBXGroup;
			children = (
				3D25073C7C6AB2F6B2115B26 /* Pods-iOSTakeHomeTestV1.debug.xcconfig */,
				B58AD0DBFBBFEEDF7708743C /* Pods-iOSTakeHomeTestV1.release.xcconfig */,
			);
			name = Pods;
			sourceTree = "<group>";
		};
/* End PBXGroup section */

/* Begin PBXNativeTarget section */
		633833E9206B511900EF7669 /* iOSTakeHomeTestV1 */ = {
			isa = PBXNativeTarget;
			buildConfigurationList = 633833FC206B511900EF7669 /* Build configuration list for PBXNativeTarget "iOSTakeHomeTestV1" */;
			buildPhases = (
				13B97CE137C3379694AEA9AC /* [CP] Check Pods Manifest.lock */,
				633833E6206B511900EF7669 /* Sources */,
				633833E7206B511900EF7669 /* Frameworks */,
				633833E8206B511900EF7669 /* Resources */,
				E1427EBADE94BDF6D3CE2AA7 /* [CP] Embed Pods Frameworks */,
				E884CF67979A4E776A6C2D01 /* [CP] Copy Pods Resources */,
			);
			buildRules = (
			);
			dependencies = (
			);
			name = iOSTakeHomeTestV1;
			productName = iOSTakeHomeTestV1;
			productReference = 633833EA206B511900EF7669 /* iOSTakeHomeTestV1.app */;
			productType = "com.apple.product-type.application";
		};
/* End PBXNativeTarget section */

/* Begin PBXProject section */
		633833E2206B511900EF7669 /* Project object */ = {
			isa = PBXProject;
			attributes = {
				LastSwiftUpdateCheck = 0920;
				LastUpgradeCheck = 0930;
				ORGANIZATIONNAME = "Jayven Nhan";
				TargetAttributes = {
					633833E9206B511900EF7669 = {
						CreatedOnToolsVersion = 9.2;
						ProvisioningStyle = Automatic;
					};
				};
			};
			buildConfigurationList = 633833E5206B511900EF7669 /* Build configuration list for PBXProject "iOSTakeHomeTestV1" */;
			compatibilityVersion = "Xcode 8.0";
			developmentRegion = en;
			hasScannedForEncodings = 0;
			knownRegions = (
				en,
				Base,
			);
			mainGroup = 633833E1206B511900EF7669;
			productRefGroup = 633833EB206B511900EF7669 /* Products */;
			projectDirPath = "";
			projectRoot = "";
			targets = (
				633833E9206B511900EF7669 /* iOSTakeHomeTestV1 */,
			);
		};
/* End PBXProject section */

/* Begin PBXResourcesBuildPhase section */
		633833E8206B511900EF7669 /* Resources */ = {
			isa = PBXResourcesBuildPhase;
			buildActionMask = 2147483647;
			files = (
				635079602072A07B00D4D84F /* MainTabBar.xcassets in Resources */,
				639C18A32073C54B00A3F72A /* apple.scn in Resources */,
				639C18932073C54B00A3F72A /* hole3.png in Resources */,
				639C18A22073C54B00A3F72A /* holeAndLeaf3.png in Resources */,
				639C18972073C54B00A3F72A /* holeAndLeaf2.mtl in Resources */,
				639C18552073B72600A3F72A /* AugmentedReality.xcassets in Resources */,
				639C18AE2073C54B00A3F72A /* seed.png in Resources */,
				635079632072A2B200D4D84F /* RestaurantListing.xcassets in Resources */,
				639C18A62073C54B00A3F72A /* holeAndLeaf2.png in Resources */,
				63383421206B5E7900EF7669 /* Roboto-ThinItalic.ttf in Resources */,
				639C189B2073C54B00A3F72A /* apple.png in Resources */,
				639C18AD2073C54B00A3F72A /* flatHole.png in Resources */,
				639C185A2073B74E00A3F72A /* UserAccount.xcassets in Resources */,
				63383422206B5E7900EF7669 /* Roboto-MediumItalic.ttf in Resources */,
				633833F8206B511900EF7669 /* LaunchScreen.storyboard in Resources */,
				639C18B32073C54B00A3F72A /* spark.png in Resources */,
				639C188D2073C54B00A3F72A /* holeAndLeaf1.mtl in Resources */,
				6338340F206B588C00EF7669 /* Login.xcassets in Resources */,
				639C18942073C54B00A3F72A /* apples.scn in Resources */,
				639C18982073C54B00A3F72A /* holeAndLeaf3.mtl in Resources */,
				639C18992073C54B00A3F72A /* flatHole.scn in Resources */,
				639C18B12073C54B00A3F72A /* rainParticleSystem.scnp in Resources */,
				639C18B92073C54B00A3F72A /* applesSizeVariation.scn in Resources */,
				639C18B62073C54B00A3F72A /* hole2.mtl in Resources */,
				6338342A206B5E7900EF7669 /* Roboto-LightItalic.ttf in Resources */,
				63383428206B5E7900EF7669 /* Roboto-Bold.ttf in Resources */,
				639C18BA2073C54B00A3F72A /* seed.mtl in Resources */,
				633833F5206B511900EF7669 /* Assets.xcassets in Resources */,
				63383424206B5E7900EF7669 /* Roboto-BoldItalic.ttf in Resources */,
				639C18A92073C54B00A3F72A /* apple.mtl in Resources */,
				639C18A52073C54B00A3F72A /* SunnyWeather.m4a in Resources */,
				639C18B22073C54B00A3F72A /* simpleTreeWithApples.scn in Resources */,
				639C18A42073C54B00A3F72A /* oxygen.m4a in Resources */,
				639C18B52073C54B00A3F72A /* simpleTree.scn in Resources */,
				639C18AF2073C54B00A3F72A /* cloud.mtl in Resources */,
				6338342C206B5E7900EF7669 /* Roboto-Thin.ttf in Resources */,
				639C18AB2073C54B00A3F72A /* holeAndLeaf3.scn in Resources */,
				639C188E2073C54B00A3F72A /* seed.scn in Resources */,
				639C18B72073C54B00A3F72A /* Rain.m4a in Resources */,
				639C189C2073C54B00A3F72A /* hole1.png in Resources */,
				63383426206B5E7900EF7669 /* Roboto-Regular.ttf in Resources */,
				63383429206B5E7900EF7669 /* Roboto-Medium.ttf in Resources */,
				639C18922073C54B00A3F72A /* hole3.mtl in Resources */,
				639C18AC2073C54B00A3F72A /* thanks.m4a in Resources */,
				63383427206B5E7900EF7669 /* Roboto-BlackItalic.ttf in Resources */,
				639C18902073C54B00A3F72A /* introduction.m4a in Resources */,
				6338342B206B5E7900EF7669 /* Roboto-Italic.ttf in Resources */,
				639C18B42073C54B00A3F72A /* holeAndLeaf1.scn in Resources */,
				639C18952073C54B00A3F72A /* cloud.png in Resources */,
				639C18B02073C54B00A3F72A /* RainyWeather.m4a in Resources */,
				639C189A2073C54B00A3F72A /* cloud.scn in Resources */,
				639C18962073C54B00A3F72A /* holeAndLeaf1.png in Resources */,
				639C18A12073C54B00A3F72A /* holeAndLeaf2.scn in Resources */,
				63383425206B5E7900EF7669 /* Roboto-Light.ttf in Resources */,
				639C189E2073C54B00A3F72A /* flatHole.mtl in Resources */,
				639C188F2073C54B00A3F72A /* hole3.scn in Resources */,
				639C18A02073C54B00A3F72A /* hole2.scn in Resources */,
				639C18B82073C54B00A3F72A /* name.m4a in Resources */,
				639C18A72073C54B00A3F72A /* simpleTree.mtl in Resources */,
				639C189D2073C54B00A3F72A /* simpleTreeWithApplesTest.scn in Resources */,
				639C189F2073C54B00A3F72A /* hole1.mtl in Resources */,
				639C18912073C54B00A3F72A /* hole2.png in Resources */,
				639C18A82073C54B00A3F72A /* simpleTree.png in Resources */,
				639C18AA2073C54B00A3F72A /* hole1.scn in Resources */,
				63383423206B5E7900EF7669 /* Roboto-Black.ttf in Resources */,
			);
			runOnlyForDeploymentPostprocessing = 0;
		};
/* End PBXResourcesBuildPhase section */

/* Begin PBXShellScriptBuildPhase section */
		13B97CE137C3379694AEA9AC /* [CP] Check Pods Manifest.lock */ = {
			isa = PBXShellScriptBuildPhase;
			buildActionMask = 2147483647;
			files = (
			);
			inputPaths = (
				"${PODS_PODFILE_DIR_PATH}/Podfile.lock",
				"${PODS_ROOT}/Manifest.lock",
			);
			name = "[CP] Check Pods Manifest.lock";
			outputPaths = (
				"$(DERIVED_FILE_DIR)/Pods-iOSTakeHomeTestV1-checkManifestLockResult.txt",
			);
			runOnlyForDeploymentPostprocessing = 0;
			shellPath = /bin/sh;
			shellScript = "diff \"${PODS_PODFILE_DIR_PATH}/Podfile.lock\" \"${PODS_ROOT}/Manifest.lock\" > /dev/null\nif [ $? != 0 ] ; then\n    # print error to STDERR\n    echo \"error: The sandbox is not in sync with the Podfile.lock. Run 'pod install' or update your CocoaPods installation.\" >&2\n    exit 1\nfi\n# This output is used by Xcode 'outputs' to avoid re-running this script phase.\necho \"SUCCESS\" > \"${SCRIPT_OUTPUT_FILE_0}\"\n";
			showEnvVarsInLog = 0;
		};
		E1427EBADE94BDF6D3CE2AA7 /* [CP] Embed Pods Frameworks */ = {
			isa = PBXShellScriptBuildPhase;
			buildActionMask = 2147483647;
			files = (
			);
			inputPaths = (
				"${SRCROOT}/Pods/Target Support Files/Pods-iOSTakeHomeTestV1/Pods-iOSTakeHomeTestV1-frameworks.sh",
				"${BUILT_PRODUCTS_DIR}/SDWebImage/SDWebImage.framework",
				"${BUILT_PRODUCTS_DIR}/SnapKit/SnapKit.framework",
				"${BUILT_PRODUCTS_DIR}/SwiftSpinner/SwiftSpinner.framework",
			);
			name = "[CP] Embed Pods Frameworks";
			outputPaths = (
				"${TARGET_BUILD_DIR}/${FRAMEWORKS_FOLDER_PATH}/SDWebImage.framework",
				"${TARGET_BUILD_DIR}/${FRAMEWORKS_FOLDER_PATH}/SnapKit.framework",
				"${TARGET_BUILD_DIR}/${FRAMEWORKS_FOLDER_PATH}/SwiftSpinner.framework",
			);
			runOnlyForDeploymentPostprocessing = 0;
			shellPath = /bin/sh;
			shellScript = "\"${SRCROOT}/Pods/Target Support Files/Pods-iOSTakeHomeTestV1/Pods-iOSTakeHomeTestV1-frameworks.sh\"\n";
			showEnvVarsInLog = 0;
		};
		E884CF67979A4E776A6C2D01 /* [CP] Copy Pods Resources */ = {
			isa = PBXShellScriptBuildPhase;
			buildActionMask = 2147483647;
			files = (
			);
			inputPaths = (
			);
			name = "[CP] Copy Pods Resources";
			outputPaths = (
			);
			runOnlyForDeploymentPostprocessing = 0;
			shellPath = /bin/sh;
			shellScript = "\"${SRCROOT}/Pods/Target Support Files/Pods-iOSTakeHomeTestV1/Pods-iOSTakeHomeTestV1-resources.sh\"\n";
			showEnvVarsInLog = 0;
		};
/* End PBXShellScriptBuildPhase section */

/* Begin PBXSourcesBuildPhase section */
		633833E6206B511900EF7669 /* Sources */ = {
			isa = PBXSourcesBuildPhase;
			buildActionMask = 2147483647;
			files = (
				6388FF50206BB2C7000F802A /* RestaurantListingViewController.swift in Sources */,
				6338340B206B578700EF7669 /* LoginViewController.swift in Sources */,
				639C18BC2073C61200A3F72A /* StyleKit.swift in Sources */,
				639C18BE2073C9A800A3F72A /* Platform.swift in Sources */,
				63383405206B536200EF7669 /* Extensions.swift in Sources */,
				639C184220735F2C00A3F72A /* AlternateActionButton.swift in Sources */,
				639C185E2073B7A800A3F72A /* IntroductionARViewController.swift in Sources */,
				639C1844207362A700A3F72A /* TextField.swift in Sources */,
				6388FF52206BC707000F802A /* MainTabBarController.swift in Sources */,
				635079652072A66500D4D84F /* Restaurant.swift in Sources */,
				633833EE206B511900EF7669 /* AppDelegate.swift in Sources */,
				639C185C2073B76600A3F72A /* ARViewController.swift in Sources */,
				63383411206B5B1100EF7669 /* Constants.swift in Sources */,
				635079672072A9FB00D4D84F /* RestaurantTableViewCell.swift in Sources */,
				63383413206B5C7400EF7669 /* Font.swift in Sources */,
				635079692072B40C00D4D84F /* ActionButton.swift in Sources */,
				639C184B2073B04D00A3F72A /* UserAccountViewController.swift in Sources */,
			);
			runOnlyForDeploymentPostprocessing = 0;
		};
/* End PBXSourcesBuildPhase section */

/* Begin PBXVariantGroup section */
		633833F6206B511900EF7669 /* LaunchScreen.storyboard */ = {
			isa = PBXVariantGroup;
			children = (
				633833F7206B511900EF7669 /* Base */,
			);
			name = LaunchScreen.storyboard;
			sourceTree = "<group>";
		};
/* End PBXVariantGroup section */

/* Begin XCBuildConfiguration section */
		633833FA206B511900EF7669 /* Debug */ = {
			isa = XCBuildConfiguration;
			buildSettings = {
				ALWAYS_SEARCH_USER_PATHS = NO;
				CLANG_ANALYZER_NONNULL = YES;
				CLANG_ANALYZER_NUMBER_OBJECT_CONVERSION = YES_AGGRESSIVE;
				CLANG_CXX_LANGUAGE_STANDARD = "gnu++14";
				CLANG_CXX_LIBRARY = "libc++";
				CLANG_ENABLE_MODULES = YES;
				CLANG_ENABLE_OBJC_ARC = YES;
				CLANG_WARN_BLOCK_CAPTURE_AUTORELEASING = YES;
				CLANG_WARN_BOOL_CONVERSION = YES;
				CLANG_WARN_COMMA = YES;
				CLANG_WARN_CONSTANT_CONVERSION = YES;
				CLANG_WARN_DEPRECATED_OBJC_IMPLEMENTATIONS = YES;
				CLANG_WARN_DIRECT_OBJC_ISA_USAGE = YES_ERROR;
				CLANG_WARN_DOCUMENTATION_COMMENTS = YES;
				CLANG_WARN_EMPTY_BODY = YES;
				CLANG_WARN_ENUM_CONVERSION = YES;
				CLANG_WARN_INFINITE_RECURSION = YES;
				CLANG_WARN_INT_CONVERSION = YES;
				CLANG_WARN_NON_LITERAL_NULL_CONVERSION = YES;
				CLANG_WARN_OBJC_IMPLICIT_RETAIN_SELF = YES;
				CLANG_WARN_OBJC_LITERAL_CONVERSION = YES;
				CLANG_WARN_OBJC_ROOT_CLASS = YES_ERROR;
				CLANG_WARN_RANGE_LOOP_ANALYSIS = YES;
				CLANG_WARN_STRICT_PROTOTYPES = YES;
				CLANG_WARN_SUSPICIOUS_MOVE = YES;
				CLANG_WARN_UNGUARDED_AVAILABILITY = YES_AGGRESSIVE;
				CLANG_WARN_UNREACHABLE_CODE = YES;
				CLANG_WARN__DUPLICATE_METHOD_MATCH = YES;
				CODE_SIGN_IDENTITY = "iPhone Developer";
				COPY_PHASE_STRIP = NO;
				DEBUG_INFORMATION_FORMAT = dwarf;
				ENABLE_STRICT_OBJC_MSGSEND = YES;
				ENABLE_TESTABILITY = YES;
				GCC_C_LANGUAGE_STANDARD = gnu11;
				GCC_DYNAMIC_NO_PIC = NO;
				GCC_NO_COMMON_BLOCKS = YES;
				GCC_OPTIMIZATION_LEVEL = 0;
				GCC_PREPROCESSOR_DEFINITIONS = (
					"DEBUG=1",
					"$(inherited)",
				);
				GCC_WARN_64_TO_32_BIT_CONVERSION = YES;
				GCC_WARN_ABOUT_RETURN_TYPE = YES_ERROR;
				GCC_WARN_UNDECLARED_SELECTOR = YES;
				GCC_WARN_UNINITIALIZED_AUTOS = YES_AGGRESSIVE;
				GCC_WARN_UNUSED_FUNCTION = YES;
				GCC_WARN_UNUSED_VARIABLE = YES;
				IPHONEOS_DEPLOYMENT_TARGET = 11.0;
				MTL_ENABLE_DEBUG_INFO = YES;
				ONLY_ACTIVE_ARCH = YES;
				SDKROOT = iphoneos;
				SWIFT_ACTIVE_COMPILATION_CONDITIONS = DEBUG;
				SWIFT_OPTIMIZATION_LEVEL = "-Onone";
			};
			name = Debug;
		};
		633833FB206B511900EF7669 /* Release */ = {
			isa = XCBuildConfiguration;
			buildSettings = {
				ALWAYS_SEARCH_USER_PATHS = NO;
				CLANG_ANALYZER_NONNULL = YES;
				CLANG_ANALYZER_NUMBER_OBJECT_CONVERSION = YES_AGGRESSIVE;
				CLANG_CXX_LANGUAGE_STANDARD = "gnu++14";
				CLANG_CXX_LIBRARY = "libc++";
				CLANG_ENABLE_MODULES = YES;
				CLANG_ENABLE_OBJC_ARC = YES;
				CLANG_WARN_BLOCK_CAPTURE_AUTORELEASING = YES;
				CLANG_WARN_BOOL_CONVERSION = YES;
				CLANG_WARN_COMMA = YES;
				CLANG_WARN_CONSTANT_CONVERSION = YES;
				CLANG_WARN_DEPRECATED_OBJC_IMPLEMENTATIONS = YES;
				CLANG_WARN_DIRECT_OBJC_ISA_USAGE = YES_ERROR;
				CLANG_WARN_DOCUMENTATION_COMMENTS = YES;
				CLANG_WARN_EMPTY_BODY = YES;
				CLANG_WARN_ENUM_CONVERSION = YES;
				CLANG_WARN_INFINITE_RECURSION = YES;
				CLANG_WARN_INT_CONVERSION = YES;
				CLANG_WARN_NON_LITERAL_NULL_CONVERSION = YES;
				CLANG_WARN_OBJC_IMPLICIT_RETAIN_SELF = YES;
				CLANG_WARN_OBJC_LITERAL_CONVERSION = YES;
				CLANG_WARN_OBJC_ROOT_CLASS = YES_ERROR;
				CLANG_WARN_RANGE_LOOP_ANALYSIS = YES;
				CLANG_WARN_STRICT_PROTOTYPES = YES;
				CLANG_WARN_SUSPICIOUS_MOVE = YES;
				CLANG_WARN_UNGUARDED_AVAILABILITY = YES_AGGRESSIVE;
				CLANG_WARN_UNREACHABLE_CODE = YES;
				CLANG_WARN__DUPLICATE_METHOD_MATCH = YES;
				CODE_SIGN_IDENTITY = "iPhone Developer";
				COPY_PHASE_STRIP = NO;
				DEBUG_INFORMATION_FORMAT = "dwarf-with-dsym";
				ENABLE_NS_ASSERTIONS = NO;
				ENABLE_STRICT_OBJC_MSGSEND = YES;
				GCC_C_LANGUAGE_STANDARD = gnu11;
				GCC_NO_COMMON_BLOCKS = YES;
				GCC_WARN_64_TO_32_BIT_CONVERSION = YES;
				GCC_WARN_ABOUT_RETURN_TYPE = YES_ERROR;
				GCC_WARN_UNDECLARED_SELECTOR = YES;
				GCC_WARN_UNINITIALIZED_AUTOS = YES_AGGRESSIVE;
				GCC_WARN_UNUSED_FUNCTION = YES;
				GCC_WARN_UNUSED_VARIABLE = YES;
				IPHONEOS_DEPLOYMENT_TARGET = 11.0;
				MTL_ENABLE_DEBUG_INFO = NO;
				SDKROOT = iphoneos;
				SWIFT_OPTIMIZATION_LEVEL = "-Owholemodule";
				VALIDATE_PRODUCT = YES;
			};
			name = Release;
		};
		633833FD206B511900EF7669 /* Debug */ = {
			isa = XCBuildConfiguration;
			baseConfigurationReference = 3D25073C7C6AB2F6B2115B26 /* Pods-iOSTakeHomeTestV1.debug.xcconfig */;
			buildSettings = {
				ASSETCATALOG_COMPILER_APPICON_NAME = AppIcon;
				CODE_SIGN_STYLE = Automatic;
				DEVELOPMENT_TEAM = 3V8EPWEYFE;
				INFOPLIST_FILE = "$(SRCROOT)/iOSTakeHomeTestV1/App/Supporting Files/Info.plist";
				IPHONEOS_DEPLOYMENT_TARGET = 11.0;
				LD_RUNPATH_SEARCH_PATHS = "$(inherited) @executable_path/Frameworks";
				PRODUCT_BUNDLE_IDENTIFIER = com.jayvenn.app.iOSTakeHomeTestV1;
				PRODUCT_NAME = "$(TARGET_NAME)";
				SWIFT_VERSION = 4.0;
				TARGETED_DEVICE_FAMILY = "1,2";
			};
			name = Debug;
		};
		633833FE206B511900EF7669 /* Release */ = {
			isa = XCBuildConfiguration;
			baseConfigurationReference = B58AD0DBFBBFEEDF7708743C /* Pods-iOSTakeHomeTestV1.release.xcconfig */;
			buildSettings = {
				ASSETCATALOG_COMPILER_APPICON_NAME = AppIcon;
				CODE_SIGN_STYLE = Automatic;
				DEVELOPMENT_TEAM = 3V8EPWEYFE;
				INFOPLIST_FILE = "$(SRCROOT)/iOSTakeHomeTestV1/App/Supporting Files/Info.plist";
				IPHONEOS_DEPLOYMENT_TARGET = 11.0;
				LD_RUNPATH_SEARCH_PATHS = "$(inherited) @executable_path/Frameworks";
				PRODUCT_BUNDLE_IDENTIFIER = com.jayvenn.app.iOSTakeHomeTestV1;
				PRODUCT_NAME = "$(TARGET_NAME)";
				SWIFT_VERSION = 4.0;
				TARGETED_DEVICE_FAMILY = "1,2";
			};
			name = Release;
		};
/* End XCBuildConfiguration section */

/* Begin XCConfigurationList section */
		633833E5206B511900EF7669 /* Build configuration list for PBXProject "iOSTakeHomeTestV1" */ = {
			isa = XCConfigurationList;
			buildConfigurations = (
				633833FA206B511900EF7669 /* Debug */,
				633833FB206B511900EF7669 /* Release */,
			);
			defaultConfigurationIsVisible = 0;
			defaultConfigurationName = Release;
		};
		633833FC206B511900EF7669 /* Build configuration list for PBXNativeTarget "iOSTakeHomeTestV1" */ = {
			isa = XCConfigurationList;
			buildConfigurations = (
				633833FD206B511900EF7669 /* Debug */,
				633833FE206B511900EF7669 /* Release */,
			);
			defaultConfigurationIsVisible = 0;
			defaultConfigurationName = Release;
		};
/* End XCConfigurationList section */
	};
	rootObject = 633833E2206B511900EF7669 /* Project object */;
}
